// !$*UTF8*$!
{
	archiveVersion = 1;
	classes = {
	};
	objectVersion = 70;
	objects = {

/* Begin PBXBuildFile section */
		1883FBFE2BF6746D00F75687 /* tokenizer.swift in Sources */ = {isa = PBXBuildFile; fileRef = 1883FBFA2BF6746D00F75687 /* tokenizer.swift */; };
		1883FBFF2BF6746D00F75687 /* train_gpt2.swift in Sources */ = {isa = PBXBuildFile; fileRef = 1883FBFB2BF6746D00F75687 /* train_gpt2.swift */; };
		1883FC002BF6746D00F75687 /* test_gpt2.swift in Sources */ = {isa = PBXBuildFile; fileRef = 1883FBFD2BF6746D00F75687 /* test_gpt2.swift */; };
		1883FC042BF677E200F75687 /* main.swift in Sources */ = {isa = PBXBuildFile; fileRef = 1883FC032BF677E200F75687 /* main.swift */; };
		1883FC062BFF2D9600F75687 /* utils.swift in Sources */ = {isa = PBXBuildFile; fileRef = 1883FC052BFF2D9600F75687 /* utils.swift */; };
		1883FC092C354E5700F75687 /* dataloader.swift in Sources */ = {isa = PBXBuildFile; fileRef = 1883FC082C354E5700F75687 /* dataloader.swift */; };
		1883FC0D2C355A1200F75687 /* Glob in Frameworks */ = {isa = PBXBuildFile; productRef = 1883FC0C2C355A1200F75687 /* Glob */; };
		1883FC0F2C36B35000F75687 /* rand.swift in Sources */ = {isa = PBXBuildFile; fileRef = 1883FC0E2C36B35000F75687 /* rand.swift */; };
		B01BDF832D2FAEDC004CBF13 /* common.swift in Sources */ = {isa = PBXBuildFile; fileRef = B01BDF822D2FAED9004CBF13 /* common.swift */; };
		B01BDF852D2FC257004CBF13 /* encoder_forward.swift in Sources */ = {isa = PBXBuildFile; fileRef = B01BDF842D2FC24C004CBF13 /* encoder_forward.swift */; };
		B01BDFD52D3D8BD1004CBF13 /* encoder_forward.swift in Sources */ = {isa = PBXBuildFile; fileRef = B01BDF842D2FC24C004CBF13 /* encoder_forward.swift */; };
		B01BDFD82D3D8BD1004CBF13 /* DefaultLibrary.swift in Sources */ = {isa = PBXBuildFile; fileRef = B08B389C2D2C704D007ED5D0 /* DefaultLibrary.swift */; };
		B01BDFD92D3D8BD1004CBF13 /* train_gpt2.swift in Sources */ = {isa = PBXBuildFile; fileRef = 1883FBFB2BF6746D00F75687 /* train_gpt2.swift */; };
		B01BDFDC2D3D8BD1004CBF13 /* common.swift in Sources */ = {isa = PBXBuildFile; fileRef = B01BDF822D2FAED9004CBF13 /* common.swift */; };
		B01BDFDD2D3D8BD1004CBF13 /* LaunchPad.swift in Sources */ = {isa = PBXBuildFile; fileRef = B08B38A02D2C712E007ED5D0 /* LaunchPad.swift */; };
		B01BDFE12D3D8BD1004CBF13 /* Glob in Frameworks */ = {isa = PBXBuildFile; productRef = B01BDFD22D3D8BD1004CBF13 /* Glob */; };
		B01BE0002D3D9042004CBF13 /* utils.swift in Sources */ = {isa = PBXBuildFile; fileRef = 1883FC052BFF2D9600F75687 /* utils.swift */; };
		B01BE0012D3D9065004CBF13 /* dataloader.swift in Sources */ = {isa = PBXBuildFile; fileRef = 1883FC082C354E5700F75687 /* dataloader.swift */; };
		B01BE0022D3D9074004CBF13 /* rand.swift in Sources */ = {isa = PBXBuildFile; fileRef = 1883FC0E2C36B35000F75687 /* rand.swift */; };
		B01BE0032D3D908D004CBF13 /* tokenizer.swift in Sources */ = {isa = PBXBuildFile; fileRef = 1883FBFA2BF6746D00F75687 /* tokenizer.swift */; };
		B01BE0052D3E472B004CBF13 /* layernorm_forward.swift in Sources */ = {isa = PBXBuildFile; fileRef = B01BE0042D3E472B004CBF13 /* layernorm_forward.swift */; };
		B01BE0062D3E4983004CBF13 /* layernorm_forward.swift in Sources */ = {isa = PBXBuildFile; fileRef = B01BE0042D3E472B004CBF13 /* layernorm_forward.swift */; };
		B01BE00D2D3E7930004CBF13 /* matmul_forward.swift in Sources */ = {isa = PBXBuildFile; fileRef = B01BE00C2D3E7930004CBF13 /* matmul_forward.swift */; };
		B01BE00E2D3E7948004CBF13 /* matmul_forward.swift in Sources */ = {isa = PBXBuildFile; fileRef = B01BE00C2D3E7930004CBF13 /* matmul_forward.swift */; };
		B01BE0102D40EECD004CBF13 /* attention_forward.swift in Sources */ = {isa = PBXBuildFile; fileRef = B01BE00F2D40EECD004CBF13 /* attention_forward.swift */; };
		B01BE0112D40EECD004CBF13 /* attention_forward.swift in Sources */ = {isa = PBXBuildFile; fileRef = B01BE00F2D40EECD004CBF13 /* attention_forward.swift */; };
		B01BE0132D416D0A004CBF13 /* residual_forward.swift in Sources */ = {isa = PBXBuildFile; fileRef = B01BE0122D416D0A004CBF13 /* residual_forward.swift */; };
		B01BE0142D416D0A004CBF13 /* residual_forward.swift in Sources */ = {isa = PBXBuildFile; fileRef = B01BE0122D416D0A004CBF13 /* residual_forward.swift */; };
		B01BE0162D4246F6004CBF13 /* gelu_forward.swift in Sources */ = {isa = PBXBuildFile; fileRef = B01BE0152D4246F6004CBF13 /* gelu_forward.swift */; };
		B01BE0172D4246F6004CBF13 /* gelu_forward.swift in Sources */ = {isa = PBXBuildFile; fileRef = B01BE0152D4246F6004CBF13 /* gelu_forward.swift */; };
		B08B389F2D2C704D007ED5D0 /* DefaultLibrary.swift in Sources */ = {isa = PBXBuildFile; fileRef = B08B389C2D2C704D007ED5D0 /* DefaultLibrary.swift */; };
		B08B38A12D2C712E007ED5D0 /* LaunchPad.swift in Sources */ = {isa = PBXBuildFile; fileRef = B08B38A02D2C712E007ED5D0 /* LaunchPad.swift */; };
/* End PBXBuildFile section */

/* Begin PBXFileReference section */
		1883FBEE2BF6714200F75687 /* llm.swift */ = {isa = PBXFileReference; explicitFileType = "compiled.mach-o.executable"; includeInIndex = 0; path = llm.swift; sourceTree = BUILT_PRODUCTS_DIR; };
		1883FBFA2BF6746D00F75687 /* tokenizer.swift */ = {isa = PBXFileReference; fileEncoding = 4; lastKnownFileType = sourcecode.swift; path = tokenizer.swift; sourceTree = "<group>"; };
		1883FBFB2BF6746D00F75687 /* train_gpt2.swift */ = {isa = PBXFileReference; fileEncoding = 4; lastKnownFileType = sourcecode.swift; path = train_gpt2.swift; sourceTree = "<group>"; };
		1883FBFC2BF6746D00F75687 /* README.md */ = {isa = PBXFileReference; fileEncoding = 4; lastKnownFileType = net.daringfireball.markdown; path = README.md; sourceTree = "<group>"; };
		1883FBFD2BF6746D00F75687 /* test_gpt2.swift */ = {isa = PBXFileReference; fileEncoding = 4; lastKnownFileType = sourcecode.swift; path = test_gpt2.swift; sourceTree = "<group>"; };
		1883FC012BF6763900F75687 /* llm.swift.entitlements */ = {isa = PBXFileReference; lastKnownFileType = text.plist.entitlements; path = llm.swift.entitlements; sourceTree = "<group>"; };
		1883FC032BF677E200F75687 /* main.swift */ = {isa = PBXFileReference; fileEncoding = 4; lastKnownFileType = sourcecode.swift; path = main.swift; sourceTree = "<group>"; };
		1883FC052BFF2D9600F75687 /* utils.swift */ = {isa = PBXFileReference; lastKnownFileType = sourcecode.swift; path = utils.swift; sourceTree = "<group>"; };
		1883FC072BFF3A3C00F75687 /* .gitignore */ = {isa = PBXFileReference; lastKnownFileType = text; path = .gitignore; sourceTree = "<group>"; };
		1883FC082C354E5700F75687 /* dataloader.swift */ = {isa = PBXFileReference; fileEncoding = 4; lastKnownFileType = sourcecode.swift; name = dataloader.swift; path = llmc/dataloader.swift; sourceTree = SOURCE_ROOT; };
		1883FC0E2C36B35000F75687 /* rand.swift */ = {isa = PBXFileReference; fileEncoding = 4; lastKnownFileType = sourcecode.swift; path = rand.swift; sourceTree = "<group>"; };
		B01BDF822D2FAED9004CBF13 /* common.swift */ = {isa = PBXFileReference; lastKnownFileType = sourcecode.swift; path = common.swift; sourceTree = "<group>"; };
		B01BDF842D2FC24C004CBF13 /* encoder_forward.swift */ = {isa = PBXFileReference; lastKnownFileType = sourcecode.swift; path = encoder_forward.swift; sourceTree = "<group>"; };
		B01BDFE62D3D8BD1004CBF13 /* layer_pass */ = {isa = PBXFileReference; explicitFileType = "compiled.mach-o.executable"; includeInIndex = 0; path = layer_pass; sourceTree = BUILT_PRODUCTS_DIR; };
		B01BE0042D3E472B004CBF13 /* layernorm_forward.swift */ = {isa = PBXFileReference; lastKnownFileType = sourcecode.swift; path = layernorm_forward.swift; sourceTree = "<group>"; };
		B01BE00C2D3E7930004CBF13 /* matmul_forward.swift */ = {isa = PBXFileReference; lastKnownFileType = sourcecode.swift; path = matmul_forward.swift; sourceTree = "<group>"; };
		B01BE00F2D40EECD004CBF13 /* attention_forward.swift */ = {isa = PBXFileReference; lastKnownFileType = sourcecode.swift; path = attention_forward.swift; sourceTree = "<group>"; };
		B01BE0122D416D0A004CBF13 /* residual_forward.swift */ = {isa = PBXFileReference; lastKnownFileType = sourcecode.swift; path = residual_forward.swift; sourceTree = "<group>"; };
		B01BE0152D4246F6004CBF13 /* gelu_forward.swift */ = {isa = PBXFileReference; lastKnownFileType = sourcecode.swift; path = gelu_forward.swift; sourceTree = "<group>"; };
		B08B389C2D2C704D007ED5D0 /* DefaultLibrary.swift */ = {isa = PBXFileReference; lastKnownFileType = sourcecode.swift; path = DefaultLibrary.swift; sourceTree = "<group>"; };
		B08B38A02D2C712E007ED5D0 /* LaunchPad.swift */ = {isa = PBXFileReference; lastKnownFileType = sourcecode.swift; path = LaunchPad.swift; sourceTree = "<group>"; };
/* End PBXFileReference section */

/* Begin PBXFileSystemSynchronizedBuildFileExceptionSet section */
		B01BDFCC2D305740004CBF13 /* PBXFileSystemSynchronizedBuildFileExceptionSet */ = {
			isa = PBXFileSystemSynchronizedBuildFileExceptionSet;
			membershipExceptions = (
				main.swift,
			);
			target = 1883FBED2BF6714200F75687 /* llm.swift */;
		};
/* End PBXFileSystemSynchronizedBuildFileExceptionSet section */

/* Begin PBXFileSystemSynchronizedRootGroup section */
		B01BDFCB2D3056A0004CBF13 /* layer_pass */ = {isa = PBXFileSystemSynchronizedRootGroup; exceptions = (B01BDFCC2D305740004CBF13 /* PBXFileSystemSynchronizedBuildFileExceptionSet */, ); explicitFileTypes = {}; explicitFolders = (); path = layer_pass; sourceTree = "<group>"; };
/* End PBXFileSystemSynchronizedRootGroup section */

/* Begin PBXFrameworksBuildPhase section */
		1883FBEB2BF6714200F75687 /* Frameworks */ = {
			isa = PBXFrameworksBuildPhase;
			buildActionMask = 2147483647;
			files = (
				1883FC0D2C355A1200F75687 /* Glob in Frameworks */,
			);
			runOnlyForDeploymentPostprocessing = 0;
		};
		B01BDFE02D3D8BD1004CBF13 /* Frameworks */ = {
			isa = PBXFrameworksBuildPhase;
			buildActionMask = 2147483647;
			files = (
				B01BDFE12D3D8BD1004CBF13 /* Glob in Frameworks */,
			);
			runOnlyForDeploymentPostprocessing = 0;
		};
/* End PBXFrameworksBuildPhase section */

/* Begin PBXGroup section */
		1883FBE52BF6714200F75687 = {
			isa = PBXGroup;
			children = (
				B08B389E2D2C704D007ED5D0 /* dev */,
				1883FC122C43CCC500F75687 /* llmc */,
				1883FC072BFF3A3C00F75687 /* .gitignore */,
				1883FBFC2BF6746D00F75687 /* README.md */,
				B08B38A02D2C712E007ED5D0 /* LaunchPad.swift */,
				1883FBFD2BF6746D00F75687 /* test_gpt2.swift */,
				1883FBFB2BF6746D00F75687 /* train_gpt2.swift */,
				1883FBF02BF6714200F75687 /* llm.swift */,
				B01BDFCB2D3056A0004CBF13 /* layer_pass */,
				1883FBEF2BF6714200F75687 /* Products */,
			);
			sourceTree = "<group>";
		};
		1883FBEF2BF6714200F75687 /* Products */ = {
			isa = PBXGroup;
			children = (
				1883FBEE2BF6714200F75687 /* llm.swift */,
				B01BDFE62D3D8BD1004CBF13 /* layer_pass */,
			);
			name = Products;
			sourceTree = "<group>";
		};
		1883FBF02BF6714200F75687 /* llm.swift */ = {
			isa = PBXGroup;
			children = (
				1883FC032BF677E200F75687 /* main.swift */,
				1883FC012BF6763900F75687 /* llm.swift.entitlements */,
			);
			path = llm.swift;
			sourceTree = "<group>";
		};
		1883FC122C43CCC500F75687 /* llmc */ = {
			isa = PBXGroup;
			children = (
				1883FC082C354E5700F75687 /* dataloader.swift */,
				1883FBFA2BF6746D00F75687 /* tokenizer.swift */,
				1883FC0E2C36B35000F75687 /* rand.swift */,
				1883FC052BFF2D9600F75687 /* utils.swift */,
			);
			path = llmc;
			sourceTree = "<group>";
		};
		B08B389D2D2C704D007ED5D0 /* metal */ = {
			isa = PBXGroup;
			children = (
				B08B389C2D2C704D007ED5D0 /* DefaultLibrary.swift */,
				B01BDF822D2FAED9004CBF13 /* common.swift */,
				B01BDF842D2FC24C004CBF13 /* encoder_forward.swift */,
				B01BE0042D3E472B004CBF13 /* layernorm_forward.swift */,
				B01BE00C2D3E7930004CBF13 /* matmul_forward.swift */,
				B01BE00F2D40EECD004CBF13 /* attention_forward.swift */,
				B01BE0122D416D0A004CBF13 /* residual_forward.swift */,
				B01BE0152D4246F6004CBF13 /* gelu_forward.swift */,
			);
			path = metal;
			sourceTree = "<group>";
		};
		B08B389E2D2C704D007ED5D0 /* dev */ = {
			isa = PBXGroup;
			children = (
				B08B389D2D2C704D007ED5D0 /* metal */,
			);
			path = dev;
			sourceTree = "<group>";
		};
/* End PBXGroup section */

/* Begin PBXNativeTarget section */
		1883FBED2BF6714200F75687 /* llm.swift */ = {
			isa = PBXNativeTarget;
			buildConfigurationList = 1883FBF52BF6714300F75687 /* Build configuration list for PBXNativeTarget "llm.swift" */;
			buildPhases = (
				1883FBEA2BF6714200F75687 /* Sources */,
				1883FBEB2BF6714200F75687 /* Frameworks */,
				1883FC142C43CE2A00F75687 /* ShellScript */,
			);
			buildRules = (
			);
			dependencies = (
				1883FC362C4FA70300F75687 /* PBXTargetDependency */,
			);
			fileSystemSynchronizedGroups = (
				B01BDFCB2D3056A0004CBF13 /* layer_pass */,
			);
			name = llm.swift;
			packageProductDependencies = (
				1883FC0C2C355A1200F75687 /* Glob */,
			);
			productName = llm.swift;
			productReference = 1883FBEE2BF6714200F75687 /* llm.swift */;
			productType = "com.apple.product-type.tool";
		};
		B01BDFD02D3D8BD1004CBF13 /* layer_pass */ = {
			isa = PBXNativeTarget;
			buildConfigurationList = B01BDFE32D3D8BD1004CBF13 /* Build configuration list for PBXNativeTarget "layer_pass" */;
			buildPhases = (
				B01BDFD42D3D8BD1004CBF13 /* Sources */,
				B01BDFE02D3D8BD1004CBF13 /* Frameworks */,
				B01BDFE22D3D8BD1004CBF13 /* ShellScript */,
			);
			buildRules = (
			);
			dependencies = (
				B01BDFD12D3D8BD1004CBF13 /* PBXTargetDependency */,
			);
			fileSystemSynchronizedGroups = (
				B01BDFCB2D3056A0004CBF13 /* layer_pass */,
			);
			name = layer_pass;
			packageProductDependencies = (
				B01BDFD22D3D8BD1004CBF13 /* Glob */,
			);
			productName = llm.swift;
			productReference = B01BDFE62D3D8BD1004CBF13 /* layer_pass */;
			productType = "com.apple.product-type.tool";
		};
/* End PBXNativeTarget section */

/* Begin PBXProject section */
		1883FBE62BF6714200F75687 /* Project object */ = {
			isa = PBXProject;
			attributes = {
				BuildIndependentTargetsInParallel = 1;
				LastSwiftUpdateCheck = 1620;
				LastUpgradeCheck = 1520;
				TargetAttributes = {
					1883FBED2BF6714200F75687 = {
						CreatedOnToolsVersion = 15.2;
					};
				};
			};
			buildConfigurationList = 1883FBE92BF6714200F75687 /* Build configuration list for PBXProject "llm.swift" */;
			compatibilityVersion = "Xcode 14.0";
			developmentRegion = en;
			hasScannedForEncodings = 0;
			knownRegions = (
				en,
				Base,
			);
			mainGroup = 1883FBE52BF6714200F75687;
			packageReferences = (
				1883FC0B2C355A1200F75687 /* XCRemoteSwiftPackageReference "Glob" */,
				1883FC342C4FA6C700F75687 /* XCRemoteSwiftPackageReference "SwiftLintPlugins" */,
			);
			productRefGroup = 1883FBEF2BF6714200F75687 /* Products */;
			projectDirPath = "";
			projectRoot = "";
			targets = (
				1883FBED2BF6714200F75687 /* llm.swift */,
				B01BDFD02D3D8BD1004CBF13 /* layer_pass */,
			);
		};
/* End PBXProject section */

/* Begin PBXShellScriptBuildPhase section */
		1883FC142C43CE2A00F75687 /* ShellScript */ = {
			isa = PBXShellScriptBuildPhase;
			buildActionMask = 12;
			files = (
			);
			inputFileListPaths = (
			);
			inputPaths = (
				$BUILD_DIR/$CONFIGURATION/$TARGET_NAME,
			);
			outputFileListPaths = (
			);
			outputPaths = (
				test_gpt2,
				train_gpt2,
			);
			runOnlyForDeploymentPostprocessing = 0;
			shellPath = /bin/sh;
			shellScript = "test $CONFIGURATION = Release && ln -s $BUILD_DIR/$CONFIGURATION/$TARGET_NAME test_gpt2\ntest $CONFIGURATION = Release && ln -s $BUILD_DIR/$CONFIGURATION/$TARGET_NAME train_gpt2\nexit 0\n";
		};
		B01BDFE22D3D8BD1004CBF13 /* ShellScript */ = {
			isa = PBXShellScriptBuildPhase;
			buildActionMask = 12;
			files = (
			);
			inputFileListPaths = (
			);
			inputPaths = (
				$BUILD_DIR/$CONFIGURATION/$TARGET_NAME,
			);
			outputFileListPaths = (
			);
			outputPaths = (
				dev/metal/encoder_forward,
				dev/metal/layernorm_forward,
				dev/metal/matmul_forward,
				dev/metal/attention_forward,
				dev/metal/residual_forward,
				dev/metal/gelu_forward,
			);
			runOnlyForDeploymentPostprocessing = 0;
			shellPath = /bin/sh;
			shellScript = "test $CONFIGURATION = Release && {\n    ln -s $BUILD_DIR/$CONFIGURATION/$TARGET_NAME \\\n        dev/metal/encoder_forward\n    ln -s $BUILD_DIR/$CONFIGURATION/$TARGET_NAME \\\n        dev/metal/layernorm_forward\n    ln -s $BUILD_DIR/$CONFIGURATION/$TARGET_NAME \\\n        dev/metal/matmul_forward\n    ln -s $BUILD_DIR/$CONFIGURATION/$TARGET_NAME \\\n        dev/metal/attention_forward\n    ln -s $BUILD_DIR/$CONFIGURATION/$TARGET_NAME \\\n        dev/metal/residual_forward\n    ln -s $BUILD_DIR/$CONFIGURATION/$TARGET_NAME \\\n        dev/metal/gelu_forward\n}\nexit 0\n";
		};
/* End PBXShellScriptBuildPhase section */

/* Begin PBXSourcesBuildPhase section */
		1883FBEA2BF6714200F75687 /* Sources */ = {
			isa = PBXSourcesBuildPhase;
			buildActionMask = 2147483647;
			files = (
				1883FC042BF677E200F75687 /* main.swift in Sources */,
				B08B38A12D2C712E007ED5D0 /* LaunchPad.swift in Sources */,
				B08B389F2D2C704D007ED5D0 /* DefaultLibrary.swift in Sources */,
				B01BDF832D2FAEDC004CBF13 /* common.swift in Sources */,
				B01BDF852D2FC257004CBF13 /* encoder_forward.swift in Sources */,
				B01BE0062D3E4983004CBF13 /* layernorm_forward.swift in Sources */,
				B01BE00E2D3E7948004CBF13 /* matmul_forward.swift in Sources */,
				B01BE0102D40EECD004CBF13 /* attention_forward.swift in Sources */,
				B01BE0132D416D0A004CBF13 /* residual_forward.swift in Sources */,
				B01BE0162D4246F6004CBF13 /* gelu_forward.swift in Sources */,
				1883FC092C354E5700F75687 /* dataloader.swift in Sources */,
				1883FBFE2BF6746D00F75687 /* tokenizer.swift in Sources */,
				1883FC062BFF2D9600F75687 /* utils.swift in Sources */,
				1883FC0F2C36B35000F75687 /* rand.swift in Sources */,
				1883FC002BF6746D00F75687 /* test_gpt2.swift in Sources */,
				1883FBFF2BF6746D00F75687 /* train_gpt2.swift in Sources */,
			);
			runOnlyForDeploymentPostprocessing = 0;
		};
		B01BDFD42D3D8BD1004CBF13 /* Sources */ = {
			isa = PBXSourcesBuildPhase;
			buildActionMask = 2147483647;
			files = (
				B01BDFDD2D3D8BD1004CBF13 /* LaunchPad.swift in Sources */,
				B01BDFD82D3D8BD1004CBF13 /* DefaultLibrary.swift in Sources */,
				B01BDFDC2D3D8BD1004CBF13 /* common.swift in Sources */,
				B01BDFD52D3D8BD1004CBF13 /* encoder_forward.swift in Sources */,
				B01BE0052D3E472B004CBF13 /* layernorm_forward.swift in Sources */,
				B01BE00D2D3E7930004CBF13 /* matmul_forward.swift in Sources */,
				B01BE0112D40EECD004CBF13 /* attention_forward.swift in Sources */,
				B01BE0142D416D0A004CBF13 /* residual_forward.swift in Sources */,
				B01BE0172D4246F6004CBF13 /* gelu_forward.swift in Sources */,
				B01BE0012D3D9065004CBF13 /* dataloader.swift in Sources */,
				B01BE0032D3D908D004CBF13 /* tokenizer.swift in Sources */,
				B01BE0002D3D9042004CBF13 /* utils.swift in Sources */,
				B01BE0022D3D9074004CBF13 /* rand.swift in Sources */,
				B01BDFD92D3D8BD1004CBF13 /* train_gpt2.swift in Sources */,
			);
			runOnlyForDeploymentPostprocessing = 0;
		};
/* End PBXSourcesBuildPhase section */

/* Begin PBXTargetDependency section */
		1883FC362C4FA70300F75687 /* PBXTargetDependency */ = {
			isa = PBXTargetDependency;
			productRef = 1883FC352C4FA70300F75687 /* SwiftLintBuildToolPlugin */;
		};
		B01BDFD12D3D8BD1004CBF13 /* PBXTargetDependency */ = {
			isa = PBXTargetDependency;
			productRef = 1883FC352C4FA70300F75687 /* SwiftLintBuildToolPlugin */;
		};
/* End PBXTargetDependency section */

/* Begin XCBuildConfiguration section */
		1883FBF32BF6714300F75687 /* Debug */ = {
			isa = XCBuildConfiguration;
			buildSettings = {
				ALWAYS_SEARCH_USER_PATHS = NO;
				ARCHS = "$(NATIVE_ARCH)";
				ASSETCATALOG_COMPILER_GENERATE_SWIFT_ASSET_SYMBOL_EXTENSIONS = YES;
				CLANG_ANALYZER_GCD_PERFORMANCE = NO;
				CLANG_ANALYZER_NONNULL = YES;
				CLANG_ANALYZER_NUMBER_OBJECT_CONVERSION = YES_AGGRESSIVE;
				CLANG_CXX_LANGUAGE_STANDARD = "gnu++20";
				CLANG_ENABLE_MODULES = NO;
				CLANG_ENABLE_OBJC_ARC = NO;
				CLANG_ENABLE_OBJC_WEAK = NO;
				CLANG_WARN_BLOCK_CAPTURE_AUTORELEASING = YES;
				CLANG_WARN_BOOL_CONVERSION = YES;
				CLANG_WARN_COMMA = YES;
				CLANG_WARN_CONSTANT_CONVERSION = YES;
				CLANG_WARN_DEPRECATED_OBJC_IMPLEMENTATIONS = YES;
				CLANG_WARN_DIRECT_OBJC_ISA_USAGE = YES_ERROR;
				CLANG_WARN_DOCUMENTATION_COMMENTS = YES;
				CLANG_WARN_EMPTY_BODY = YES;
				CLANG_WARN_ENUM_CONVERSION = YES;
				CLANG_WARN_INFINITE_RECURSION = YES;
				CLANG_WARN_INT_CONVERSION = YES;
				CLANG_WARN_NON_LITERAL_NULL_CONVERSION = YES;
				CLANG_WARN_OBJC_IMPLICIT_RETAIN_SELF = YES;
				CLANG_WARN_OBJC_LITERAL_CONVERSION = YES;
				CLANG_WARN_OBJC_ROOT_CLASS = YES_ERROR;
				CLANG_WARN_QUOTED_INCLUDE_IN_FRAMEWORK_HEADER = YES;
				CLANG_WARN_RANGE_LOOP_ANALYSIS = YES;
				CLANG_WARN_STRICT_PROTOTYPES = YES;
				CLANG_WARN_SUSPICIOUS_MOVE = YES;
				CLANG_WARN_UNGUARDED_AVAILABILITY = YES_AGGRESSIVE;
				CLANG_WARN_UNREACHABLE_CODE = YES;
				CLANG_WARN__DUPLICATE_METHOD_MATCH = YES;
				CLANG_X86_VECTOR_INSTRUCTIONS = default;
				COPY_PHASE_STRIP = NO;
				DEBUG_INFORMATION_FORMAT = dwarf;
				ENABLE_STRICT_OBJC_MSGSEND = YES;
				ENABLE_TESTABILITY = YES;
				ENABLE_USER_SCRIPT_SANDBOXING = YES;
				GCC_C_LANGUAGE_STANDARD = gnu17;
				GCC_DYNAMIC_NO_PIC = NO;
				GCC_FAST_MATH = NO;
				GCC_INLINES_ARE_PRIVATE_EXTERN = NO;
				GCC_NO_COMMON_BLOCKS = NO;
				GCC_OPTIMIZATION_LEVEL = 0;
				GCC_PREPROCESSOR_DEFINITIONS = (
					"DEBUG=1",
					"$(inherited)",
				);
				GCC_SYMBOLS_PRIVATE_EXTERN = YES;
				GCC_UNROLL_LOOPS = NO;
				GCC_WARN_64_TO_32_BIT_CONVERSION = YES;
				GCC_WARN_ABOUT_RETURN_TYPE = YES_ERROR;
				GCC_WARN_UNDECLARED_SELECTOR = YES;
				GCC_WARN_UNINITIALIZED_AUTOS = YES_AGGRESSIVE;
				GCC_WARN_UNUSED_FUNCTION = YES;
				GCC_WARN_UNUSED_VARIABLE = YES;
				LLVM_LTO = YES;
				LOCALIZATION_PREFERS_STRING_CATALOGS = YES;
				MACOSX_DEPLOYMENT_TARGET = 14.2;
				MTL_ENABLE_DEBUG_INFO = INCLUDE_SOURCE;
				MTL_FAST_MATH = YES;
				ONLY_ACTIVE_ARCH = YES;
				OTHER_CFLAGS = "";
				OTHER_CPLUSPLUSFLAGS = "";
				OTHER_SWIFT_FLAGS = "";
				SDKROOT = macosx;
				SWIFT_ACTIVE_COMPILATION_CONDITIONS = "DEBUG $(inherited)";
				SWIFT_DISABLE_SAFETY_CHECKS = YES;
				SWIFT_ENFORCE_EXCLUSIVE_ACCESS = off;
				SWIFT_OPTIMIZATION_LEVEL = "-Onone";
				SWIFT_REFLECTION_METADATA_LEVEL = none;
				SWIFT_VERSION = 5.0;
			};
			name = Debug;
		};
		1883FBF42BF6714300F75687 /* Release */ = {
			isa = XCBuildConfiguration;
			buildSettings = {
				ALWAYS_SEARCH_USER_PATHS = NO;
				ARCHS = "$(NATIVE_ARCH)";
				ASSETCATALOG_COMPILER_GENERATE_SWIFT_ASSET_SYMBOL_EXTENSIONS = YES;
				CLANG_ANALYZER_GCD_PERFORMANCE = NO;
				CLANG_ANALYZER_NONNULL = YES;
				CLANG_ANALYZER_NUMBER_OBJECT_CONVERSION = YES_AGGRESSIVE;
				CLANG_CXX_LANGUAGE_STANDARD = "gnu++20";
				CLANG_ENABLE_MODULES = NO;
				CLANG_ENABLE_OBJC_ARC = NO;
				CLANG_ENABLE_OBJC_WEAK = NO;
				CLANG_WARN_BLOCK_CAPTURE_AUTORELEASING = YES;
				CLANG_WARN_BOOL_CONVERSION = YES;
				CLANG_WARN_COMMA = YES;
				CLANG_WARN_CONSTANT_CONVERSION = YES;
				CLANG_WARN_DEPRECATED_OBJC_IMPLEMENTATIONS = YES;
				CLANG_WARN_DIRECT_OBJC_ISA_USAGE = YES_ERROR;
				CLANG_WARN_DOCUMENTATION_COMMENTS = YES;
				CLANG_WARN_EMPTY_BODY = YES;
				CLANG_WARN_ENUM_CONVERSION = YES;
				CLANG_WARN_INFINITE_RECURSION = YES;
				CLANG_WARN_INT_CONVERSION = YES;
				CLANG_WARN_NON_LITERAL_NULL_CONVERSION = YES;
				CLANG_WARN_OBJC_IMPLICIT_RETAIN_SELF = YES;
				CLANG_WARN_OBJC_LITERAL_CONVERSION = YES;
				CLANG_WARN_OBJC_ROOT_CLASS = YES_ERROR;
				CLANG_WARN_QUOTED_INCLUDE_IN_FRAMEWORK_HEADER = YES;
				CLANG_WARN_RANGE_LOOP_ANALYSIS = YES;
				CLANG_WARN_STRICT_PROTOTYPES = YES;
				CLANG_WARN_SUSPICIOUS_MOVE = YES;
				CLANG_WARN_UNGUARDED_AVAILABILITY = YES_AGGRESSIVE;
				CLANG_WARN_UNREACHABLE_CODE = YES;
				CLANG_WARN__DUPLICATE_METHOD_MATCH = YES;
				CLANG_X86_VECTOR_INSTRUCTIONS = default;
				COPY_PHASE_STRIP = NO;
				DEBUG_INFORMATION_FORMAT = "dwarf-with-dsym";
				ENABLE_NS_ASSERTIONS = NO;
				ENABLE_STRICT_OBJC_MSGSEND = YES;
				ENABLE_USER_SCRIPT_SANDBOXING = YES;
				GCC_C_LANGUAGE_STANDARD = gnu17;
				GCC_FAST_MATH = NO;
				GCC_INLINES_ARE_PRIVATE_EXTERN = NO;
				GCC_NO_COMMON_BLOCKS = NO;
				GCC_OPTIMIZATION_LEVEL = fast;
				GCC_SYMBOLS_PRIVATE_EXTERN = YES;
				GCC_UNROLL_LOOPS = NO;
				GCC_WARN_64_TO_32_BIT_CONVERSION = YES;
				GCC_WARN_ABOUT_RETURN_TYPE = YES_ERROR;
				GCC_WARN_UNDECLARED_SELECTOR = YES;
				GCC_WARN_UNINITIALIZED_AUTOS = YES_AGGRESSIVE;
				GCC_WARN_UNUSED_FUNCTION = YES;
				GCC_WARN_UNUSED_VARIABLE = YES;
				LLVM_LTO = YES;
				LOCALIZATION_PREFERS_STRING_CATALOGS = YES;
				MACOSX_DEPLOYMENT_TARGET = 14.2;
				MTL_ENABLE_DEBUG_INFO = NO;
				MTL_FAST_MATH = YES;
				ONLY_ACTIVE_ARCH = YES;
				OTHER_CFLAGS = "";
				OTHER_CPLUSPLUSFLAGS = "";
				OTHER_SWIFT_FLAGS = "-Xcc -ffast-math";
				"OTHER_SWIFT_FLAGS[arch=*]" = "";
				"OTHER_SWIFT_FLAGS[arch=x86_64]" = "";
				SDKROOT = macosx;
				SWIFT_COMPILATION_MODE = wholemodule;
				SWIFT_DISABLE_SAFETY_CHECKS = YES;
				SWIFT_ENFORCE_EXCLUSIVE_ACCESS = off;
				SWIFT_OPTIMIZATION_LEVEL = "-Ounchecked";
				SWIFT_REFLECTION_METADATA_LEVEL = none;
				SWIFT_VERSION = 5.0;
			};
			name = Release;
		};
		1883FBF62BF6714300F75687 /* Debug */ = {
			isa = XCBuildConfiguration;
			buildSettings = {
				CLANG_ANALYZER_GCD = YES;
				CODE_SIGN_ENTITLEMENTS = llm.swift/llm.swift.entitlements;
				CODE_SIGN_STYLE = Automatic;
				DEVELOPMENT_TEAM = 28FV44657B;
				ENABLE_HARDENED_RUNTIME = YES;
				ENABLE_USER_SCRIPT_SANDBOXING = NO;
				GCC_PREPROCESSOR_DEFINITIONS = "DEBUG=1";
				OTHER_CFLAGS = "";
				PRODUCT_BUNDLE_IDENTIFIER = "com.otabuzzman.llm-swift";
				PRODUCT_NAME = "$(TARGET_NAME)";
				"SWIFT_ACTIVE_COMPILATION_CONDITIONS[sdk=macosx*]" = LLMSWIFT_STANDALONE;
				SWIFT_DISABLE_SAFETY_CHECKS = YES;
				SWIFT_OPTIMIZATION_LEVEL = "-Onone";
				SWIFT_REFLECTION_METADATA_LEVEL = none;
				SWIFT_STRICT_CONCURRENCY = minimal;
				SWIFT_VERSION = 5.0;
			};
			name = Debug;
		};
		1883FBF72BF6714300F75687 /* Release */ = {
			isa = XCBuildConfiguration;
			buildSettings = {
				CLANG_ANALYZER_GCD = YES;
				CODE_SIGN_ENTITLEMENTS = llm.swift/llm.swift.entitlements;
				CODE_SIGN_STYLE = Automatic;
				DEVELOPMENT_TEAM = 28FV44657B;
				ENABLE_HARDENED_RUNTIME = YES;
				ENABLE_USER_SCRIPT_SANDBOXING = NO;
				GCC_OPTIMIZATION_LEVEL = fast;
				GCC_PREPROCESSOR_DEFINITIONS = "";
				OTHER_CFLAGS = "";
				OTHER_SWIFT_FLAGS = "-Xcc -ffast-math";
				PRODUCT_BUNDLE_IDENTIFIER = "com.otabuzzman.llm-swift";
				PRODUCT_NAME = "$(TARGET_NAME)";
				SWIFT_DISABLE_SAFETY_CHECKS = YES;
				SWIFT_OPTIMIZATION_LEVEL = "-Ounchecked";
				SWIFT_REFLECTION_METADATA_LEVEL = none;
				SWIFT_STRICT_CONCURRENCY = minimal;
				SWIFT_VERSION = 5.0;
			};
			name = Release;
		};
		B01BDFE42D3D8BD1004CBF13 /* Debug */ = {
			isa = XCBuildConfiguration;
			buildSettings = {
				CLANG_ANALYZER_GCD = YES;
				CODE_SIGN_ENTITLEMENTS = llm.swift/llm.swift.entitlements;
				CODE_SIGN_STYLE = Automatic;
				DEVELOPMENT_TEAM = 28FV44657B;
				ENABLE_HARDENED_RUNTIME = YES;
				ENABLE_USER_SCRIPT_SANDBOXING = NO;
				GCC_PREPROCESSOR_DEFINITIONS = "DEBUG=1";
				OTHER_CFLAGS = "";
				PRODUCT_BUNDLE_IDENTIFIER = "com.otabuzzman.llm-swift";
				PRODUCT_NAME = "$(TARGET_NAME)";
				"SWIFT_ACTIVE_COMPILATION_CONDITIONS[sdk=macosx*]" = LAYER_PASS_STANDALONE;
				SWIFT_DISABLE_SAFETY_CHECKS = YES;
				SWIFT_OPTIMIZATION_LEVEL = "-Onone";
				SWIFT_REFLECTION_METADATA_LEVEL = none;
				SWIFT_STRICT_CONCURRENCY = minimal;
				SWIFT_VERSION = 5.0;
			};
			name = Debug;
		};
		B01BDFE52D3D8BD1004CBF13 /* Release */ = {
			isa = XCBuildConfiguration;
			buildSettings = {
				CLANG_ANALYZER_GCD = YES;
				CODE_SIGN_ENTITLEMENTS = llm.swift/llm.swift.entitlements;
				CODE_SIGN_STYLE = Automatic;
				DEVELOPMENT_TEAM = 28FV44657B;
				ENABLE_HARDENED_RUNTIME = YES;
				ENABLE_USER_SCRIPT_SANDBOXING = NO;
				GCC_OPTIMIZATION_LEVEL = fast;
				GCC_PREPROCESSOR_DEFINITIONS = "";
				OTHER_CFLAGS = "";
				OTHER_SWIFT_FLAGS = "-Xcc -ffast-math";
				PRODUCT_BUNDLE_IDENTIFIER = "com.otabuzzman.llm-swift";
				PRODUCT_NAME = "$(TARGET_NAME)";
				SWIFT_DISABLE_SAFETY_CHECKS = YES;
				SWIFT_OPTIMIZATION_LEVEL = "-Ounchecked";
				SWIFT_REFLECTION_METADATA_LEVEL = none;
				SWIFT_STRICT_CONCURRENCY = minimal;
				SWIFT_VERSION = 5.0;
			};
			name = Release;
		};
/* End XCBuildConfiguration section */

/* Begin XCConfigurationList section */
		1883FBE92BF6714200F75687 /* Build configuration list for PBXProject "llm.swift" */ = {
			isa = XCConfigurationList;
			buildConfigurations = (
				1883FBF32BF6714300F75687 /* Debug */,
				1883FBF42BF6714300F75687 /* Release */,
			);
			defaultConfigurationIsVisible = 0;
			defaultConfigurationName = Release;
		};
		1883FBF52BF6714300F75687 /* Build configuration list for PBXNativeTarget "llm.swift" */ = {
			isa = XCConfigurationList;
			buildConfigurations = (
				1883FBF62BF6714300F75687 /* Debug */,
				1883FBF72BF6714300F75687 /* Release */,
			);
			defaultConfigurationIsVisible = 0;
			defaultConfigurationName = Release;
		};
		B01BDFE32D3D8BD1004CBF13 /* Build configuration list for PBXNativeTarget "layer_pass" */ = {
			isa = XCConfigurationList;
			buildConfigurations = (
				B01BDFE42D3D8BD1004CBF13 /* Debug */,
				B01BDFE52D3D8BD1004CBF13 /* Release */,
			);
			defaultConfigurationIsVisible = 0;
			defaultConfigurationName = Release;
		};
/* End XCConfigurationList section */

/* Begin XCRemoteSwiftPackageReference section */
		1883FC0B2C355A1200F75687 /* XCRemoteSwiftPackageReference "Glob" */ = {
			isa = XCRemoteSwiftPackageReference;
			repositoryURL = "https://github.com/Bouke/Glob";
			requirement = {
				kind = upToNextMajorVersion;
				minimumVersion = 1.0.5;
			};
		};
		1883FC342C4FA6C700F75687 /* XCRemoteSwiftPackageReference "SwiftLintPlugins" */ = {
			isa = XCRemoteSwiftPackageReference;
			repositoryURL = "https://github.com/SimplyDanny/SwiftLintPlugins";
			requirement = {
				kind = upToNextMajorVersion;
				minimumVersion = 0.55.1;
			};
		};
		B01BDFD32D3D8BD1004CBF13 /* XCRemoteSwiftPackageReference "Glob" */ = {
			isa = XCRemoteSwiftPackageReference;
			repositoryURL = "https://github.com/Bouke/Glob";
			requirement = {
				kind = upToNextMajorVersion;
				minimumVersion = 1.0.5;
			};
		};
/* End XCRemoteSwiftPackageReference section */

/* Begin XCSwiftPackageProductDependency section */
		1883FC0C2C355A1200F75687 /* Glob */ = {
			isa = XCSwiftPackageProductDependency;
			package = 1883FC0B2C355A1200F75687 /* XCRemoteSwiftPackageReference "Glob" */;
			productName = Glob;
		};
		1883FC352C4FA70300F75687 /* SwiftLintBuildToolPlugin */ = {
			isa = XCSwiftPackageProductDependency;
			package = 1883FC342C4FA6C700F75687 /* XCRemoteSwiftPackageReference "SwiftLintPlugins" */;
			productName = "plugin:SwiftLintBuildToolPlugin";
		};
		B01BDFD22D3D8BD1004CBF13 /* Glob */ = {
			isa = XCSwiftPackageProductDependency;
			package = B01BDFD32D3D8BD1004CBF13 /* XCRemoteSwiftPackageReference "Glob" */;
			productName = Glob;
		};
/* End XCSwiftPackageProductDependency section */
	};
	rootObject = 1883FBE62BF6714200F75687 /* Project object */;
}
